// !$*UTF8*$!
{
	archiveVersion = 1;
	classes = {
	};
	objectVersion = 50;
	objects = {

/* Begin PBXBuildFile section */
		8433049225A76E73009787C7 /* REST_API_Sails_jsApp.swift in Sources */ = {isa = PBXBuildFile; fileRef = 8433049125A76E73009787C7 /* REST_API_Sails_jsApp.swift */; };
		8433049425A76E73009787C7 /* ContentView.swift in Sources */ = {isa = PBXBuildFile; fileRef = 8433049325A76E73009787C7 /* ContentView.swift */; };
		8433049625A76E75009787C7 /* Assets.xcassets in Resources */ = {isa = PBXBuildFile; fileRef = 8433049525A76E75009787C7 /* Assets.xcassets */; };
		8433049925A76E75009787C7 /* Preview Assets.xcassets in Resources */ = {isa = PBXBuildFile; fileRef = 8433049825A76E75009787C7 /* Preview Assets.xcassets */; };
		843304A425A76E75009787C7 /* REST_API_Sails_jsTests.swift in Sources */ = {isa = PBXBuildFile; fileRef = 843304A325A76E75009787C7 /* REST_API_Sails_jsTests.swift */; };
		843304AF25A76E75009787C7 /* REST_API_Sails_jsUITests.swift in Sources */ = {isa = PBXBuildFile; fileRef = 843304AE25A76E75009787C7 /* REST_API_Sails_jsUITests.swift */; };
		843304C025A79087009787C7 /* Server.swift in Sources */ = {isa = PBXBuildFile; fileRef = 843304BF25A79087009787C7 /* Server.swift */; };
		843304C525A7917F009787C7 /* Task.swift in Sources */ = {isa = PBXBuildFile; fileRef = 843304C425A7917F009787C7 /* Task.swift */; };
/* End PBXBuildFile section */

/* Begin PBXContainerItemProxy section */
		843304A025A76E75009787C7 /* PBXContainerItemProxy */ = {
			isa = PBXContainerItemProxy;
			containerPortal = 8433048625A76E73009787C7 /* Project object */;
			proxyType = 1;
			remoteGlobalIDString = 8433048D25A76E73009787C7;
			remoteInfo = "REST API Sails.js";
		};
		843304AB25A76E75009787C7 /* PBXContainerItemProxy */ = {
			isa = PBXContainerItemProxy;
			containerPortal = 8433048625A76E73009787C7 /* Project object */;
			proxyType = 1;
			remoteGlobalIDString = 8433048D25A76E73009787C7;
			remoteInfo = "REST API Sails.js";
		};
/* End PBXContainerItemProxy section */

/* Begin PBXFileReference section */
		8433048E25A76E73009787C7 /* REST API Sails.js.app */ = {isa = PBXFileReference; explicitFileType = wrapper.application; includeInIndex = 0; path = "REST API Sails.js.app"; sourceTree = BUILT_PRODUCTS_DIR; };
		8433049125A76E73009787C7 /* REST_API_Sails_jsApp.swift */ = {isa = PBXFileReference; lastKnownFileType = sourcecode.swift; path = REST_API_Sails_jsApp.swift; sourceTree = "<group>"; };
		8433049325A76E73009787C7 /* ContentView.swift */ = {isa = PBXFileReference; lastKnownFileType = sourcecode.swift; path = ContentView.swift; sourceTree = "<group>"; };
		8433049525A76E75009787C7 /* Assets.xcassets */ = {isa = PBXFileReference; lastKnownFileType = folder.assetcatalog; path = Assets.xcassets; sourceTree = "<group>"; };
		8433049825A76E75009787C7 /* Preview Assets.xcassets */ = {isa = PBXFileReference; lastKnownFileType = folder.assetcatalog; path = "Preview Assets.xcassets"; sourceTree = "<group>"; };
		8433049A25A76E75009787C7 /* Info.plist */ = {isa = PBXFileReference; lastKnownFileType = text.plist.xml; path = Info.plist; sourceTree = "<group>"; };
		8433049F25A76E75009787C7 /* REST API Sails.jsTests.xctest */ = {isa = PBXFileReference; explicitFileType = wrapper.cfbundle; includeInIndex = 0; path = "REST API Sails.jsTests.xctest"; sourceTree = BUILT_PRODUCTS_DIR; };
		843304A325A76E75009787C7 /* REST_API_Sails_jsTests.swift */ = {isa = PBXFileReference; lastKnownFileType = sourcecode.swift; path = REST_API_Sails_jsTests.swift; sourceTree = "<group>"; };
		843304A525A76E75009787C7 /* Info.plist */ = {isa = PBXFileReference; lastKnownFileType = text.plist.xml; path = Info.plist; sourceTree = "<group>"; };
		843304AA25A76E75009787C7 /* REST API Sails.jsUITests.xctest */ = {isa = PBXFileReference; explicitFileType = wrapper.cfbundle; includeInIndex = 0; path = "REST API Sails.jsUITests.xctest"; sourceTree = BUILT_PRODUCTS_DIR; };
		843304AE25A76E75009787C7 /* REST_API_Sails_jsUITests.swift */ = {isa = PBXFileReference; lastKnownFileType = sourcecode.swift; path = REST_API_Sails_jsUITests.swift; sourceTree = "<group>"; };
		843304B025A76E75009787C7 /* Info.plist */ = {isa = PBXFileReference; lastKnownFileType = text.plist.xml; path = Info.plist; sourceTree = "<group>"; };
		843304BF25A79087009787C7 /* Server.swift */ = {isa = PBXFileReference; lastKnownFileType = sourcecode.swift; path = Server.swift; sourceTree = "<group>"; };
		843304C425A7917F009787C7 /* Task.swift */ = {isa = PBXFileReference; lastKnownFileType = sourcecode.swift; path = Task.swift; sourceTree = "<group>"; };
/* End PBXFileReference section */

/* Begin PBXFrameworksBuildPhase section */
		8433048B25A76E73009787C7 /* Frameworks */ = {
			isa = PBXFrameworksBuildPhase;
			buildActionMask = 2147483647;
			files = (
			);
			runOnlyForDeploymentPostprocessing = 0;
		};
		8433049C25A76E75009787C7 /* Frameworks */ = {
			isa = PBXFrameworksBuildPhase;
			buildActionMask = 2147483647;
			files = (
			);
			runOnlyForDeploymentPostprocessing = 0;
		};
		843304A725A76E75009787C7 /* Frameworks */ = {
			isa = PBXFrameworksBuildPhase;
			buildActionMask = 2147483647;
			files = (
			);
			runOnlyForDeploymentPostprocessing = 0;
		};
/* End PBXFrameworksBuildPhase section */

/* Begin PBXGroup section */
		8433048525A76E73009787C7 = {
			isa = PBXGroup;
			children = (
				8433049025A76E73009787C7 /* REST API Sails.js */,
				843304A225A76E75009787C7 /* REST API Sails.jsTests */,
				843304AD25A76E75009787C7 /* REST API Sails.jsUITests */,
				8433048F25A76E73009787C7 /* Products */,
			);
			sourceTree = "<group>";
		};
		8433048F25A76E73009787C7 /* Products */ = {
			isa = PBXGroup;
			children = (
				8433048E25A76E73009787C7 /* REST API Sails.js.app */,
				8433049F25A76E75009787C7 /* REST API Sails.jsTests.xctest */,
				843304AA25A76E75009787C7 /* REST API Sails.jsUITests.xctest */,
			);
			name = Products;
			sourceTree = "<group>";
		};
		8433049025A76E73009787C7 /* REST API Sails.js */ = {
			isa = PBXGroup;
			children = (
				8433049125A76E73009787C7 /* REST_API_Sails_jsApp.swift */,
				8433049325A76E73009787C7 /* ContentView.swift */,
				8433049525A76E75009787C7 /* Assets.xcassets */,
				8433049A25A76E75009787C7 /* Info.plist */,
				8433049725A76E75009787C7 /* Preview Content */,
				843304BF25A79087009787C7 /* Server.swift */,
				843304C425A7917F009787C7 /* Task.swift */,
			);
			path = "REST API Sails.js";
			sourceTree = "<group>";
		};
		8433049725A76E75009787C7 /* Preview Content */ = {
			isa = PBXGroup;
			children = (
				8433049825A76E75009787C7 /* Preview Assets.xcassets */,
			);
			path = "Preview Content";
			sourceTree = "<group>";
		};
		843304A225A76E75009787C7 /* REST API Sails.jsTests */ = {
			isa = PBXGroup;
			children = (
				843304A325A76E75009787C7 /* REST_API_Sails_jsTests.swift */,
				843304A525A76E75009787C7 /* Info.plist */,
			);
			path = "REST API Sails.jsTests";
			sourceTree = "<group>";
		};
		843304AD25A76E75009787C7 /* REST API Sails.jsUITests */ = {
			isa = PBXGroup;
			children = (
				843304AE25A76E75009787C7 /* REST_API_Sails_jsUITests.swift */,
				843304B025A76E75009787C7 /* Info.plist */,
			);
			path = "REST API Sails.jsUITests";
			sourceTree = "<group>";
		};
/* End PBXGroup section */

/* Begin PBXNativeTarget section */
		8433048D25A76E73009787C7 /* REST API Sails.js */ = {
			isa = PBXNativeTarget;
			buildConfigurationList = 843304B325A76E75009787C7 /* Build configuration list for PBXNativeTarget "REST API Sails.js" */;
			buildPhases = (
				8433048A25A76E73009787C7 /* Sources */,
				8433048B25A76E73009787C7 /* Frameworks */,
				8433048C25A76E73009787C7 /* Resources */,
			);
			buildRules = (
			);
			dependencies = (
			);
			name = "REST API Sails.js";
			productName = "REST API Sails.js";
			productReference = 8433048E25A76E73009787C7 /* REST API Sails.js.app */;
			productType = "com.apple.product-type.application";
		};
		8433049E25A76E75009787C7 /* REST API Sails.jsTests */ = {
			isa = PBXNativeTarget;
			buildConfigurationList = 843304B625A76E75009787C7 /* Build configuration list for PBXNativeTarget "REST API Sails.jsTests" */;
			buildPhases = (
				8433049B25A76E75009787C7 /* Sources */,
				8433049C25A76E75009787C7 /* Frameworks */,
				8433049D25A76E75009787C7 /* Resources */,
			);
			buildRules = (
			);
			dependencies = (
				843304A125A76E75009787C7 /* PBXTargetDependency */,
			);
			name = "REST API Sails.jsTests";
			productName = "REST API Sails.jsTests";
			productReference = 8433049F25A76E75009787C7 /* REST API Sails.jsTests.xctest */;
			productType = "com.apple.product-type.bundle.unit-test";
		};
		843304A925A76E75009787C7 /* REST API Sails.jsUITests */ = {
			isa = PBXNativeTarget;
			buildConfigurationList = 843304B925A76E75009787C7 /* Build configuration list for PBXNativeTarget "REST API Sails.jsUITests" */;
			buildPhases = (
				843304A625A76E75009787C7 /* Sources */,
				843304A725A76E75009787C7 /* Frameworks */,
				843304A825A76E75009787C7 /* Resources */,
			);
			buildRules = (
			);
			dependencies = (
				843304AC25A76E75009787C7 /* PBXTargetDependency */,
			);
			name = "REST API Sails.jsUITests";
			productName = "REST API Sails.jsUITests";
			productReference = 843304AA25A76E75009787C7 /* REST API Sails.jsUITests.xctest */;
			productType = "com.apple.product-type.bundle.ui-testing";
		};
/* End PBXNativeTarget section */

/* Begin PBXProject section */
		8433048625A76E73009787C7 /* Project object */ = {
			isa = PBXProject;
			attributes = {
				LastSwiftUpdateCheck = 1230;
				LastUpgradeCheck = 1230;
				TargetAttributes = {
					8433048D25A76E73009787C7 = {
						CreatedOnToolsVersion = 12.3;
					};
					8433049E25A76E75009787C7 = {
						CreatedOnToolsVersion = 12.3;
						TestTargetID = 8433048D25A76E73009787C7;
					};
					843304A925A76E75009787C7 = {
						CreatedOnToolsVersion = 12.3;
						TestTargetID = 8433048D25A76E73009787C7;
					};
				};
			};
			buildConfigurationList = 8433048925A76E73009787C7 /* Build configuration list for PBXProject "REST API Sails.js" */;
			compatibilityVersion = "Xcode 9.3";
			developmentRegion = en;
			hasScannedForEncodings = 0;
			knownRegions = (
				en,
				Base,
			);
			mainGroup = 8433048525A76E73009787C7;
			productRefGroup = 8433048F25A76E73009787C7 /* Products */;
			projectDirPath = "";
			projectRoot = "";
			targets = (
				8433048D25A76E73009787C7 /* REST API Sails.js */,
				8433049E25A76E75009787C7 /* REST API Sails.jsTests */,
				843304A925A76E75009787C7 /* REST API Sails.jsUITests */,
			);
		};
/* End PBXProject section */

/* Begin PBXResourcesBuildPhase section */
		8433048C25A76E73009787C7 /* Resources */ = {
			isa = PBXResourcesBuildPhase;
			buildActionMask = 2147483647;
			files = (
				8433049925A76E75009787C7 /* Preview Assets.xcassets in Resources */,
				8433049625A76E75009787C7 /* Assets.xcassets in Resources */,
			);
			runOnlyForDeploymentPostprocessing = 0;
		};
		8433049D25A76E75009787C7 /* Resources */ = {
			isa = PBXResourcesBuildPhase;
			buildActionMask = 2147483647;
			files = (
			);
			runOnlyForDeploymentPostprocessing = 0;
		};
		843304A825A76E75009787C7 /* Resources */ = {
			isa = PBXResourcesBuildPhase;
			buildActionMask = 2147483647;
			files = (
			);
			runOnlyForDeploymentPostprocessing = 0;
		};
/* End PBXResourcesBuildPhase section */

/* Begin PBXSourcesBuildPhase section */
		8433048A25A76E73009787C7 /* Sources */ = {
			isa = PBXSourcesBuildPhase;
			buildActionMask = 2147483647;
			files = (
				843304C525A7917F009787C7 /* Task.swift in Sources */,
				8433049425A76E73009787C7 /* ContentView.swift in Sources */,
				843304C025A79087009787C7 /* Server.swift in Sources */,
				8433049225A76E73009787C7 /* REST_API_Sails_jsApp.swift in Sources */,
			);
			runOnlyForDeploymentPostprocessing = 0;
		};
		8433049B25A76E75009787C7 /* Sources */ = {
			isa = PBXSourcesBuildPhase;
			buildActionMask = 2147483647;
			files = (
				843304A425A76E75009787C7 /* REST_API_Sails_jsTests.swift in Sources */,
			);
			runOnlyForDeploymentPostprocessing = 0;
		};
		843304A625A76E75009787C7 /* Sources */ = {
			isa = PBXSourcesBuildPhase;
			buildActionMask = 2147483647;
			files = (
				843304AF25A76E75009787C7 /* REST_API_Sails_jsUITests.swift in Sources */,
			);
			runOnlyForDeploymentPostprocessing = 0;
		};
/* End PBXSourcesBuildPhase section */

/* Begin PBXTargetDependency section */
		843304A125A76E75009787C7 /* PBXTargetDependency */ = {
			isa = PBXTargetDependency;
			target = 8433048D25A76E73009787C7 /* REST API Sails.js */;
			targetProxy = 843304A025A76E75009787C7 /* PBXContainerItemProxy */;
		};
		843304AC25A76E75009787C7 /* PBXTargetDependency */ = {
			isa = PBXTargetDependency;
			target = 8433048D25A76E73009787C7 /* REST API Sails.js */;
			targetProxy = 843304AB25A76E75009787C7 /* PBXContainerItemProxy */;
		};
/* End PBXTargetDependency section */

/* Begin XCBuildConfiguration section */
		843304B125A76E75009787C7 /* Debug */ = {
			isa = XCBuildConfiguration;
			buildSettings = {
				ALWAYS_SEARCH_USER_PATHS = NO;
				CLANG_ANALYZER_NONNULL = YES;
				CLANG_ANALYZER_NUMBER_OBJECT_CONVERSION = YES_AGGRESSIVE;
				CLANG_CXX_LANGUAGE_STANDARD = "gnu++14";
				CLANG_CXX_LIBRARY = "libc++";
				CLANG_ENABLE_MODULES = YES;
				CLANG_ENABLE_OBJC_ARC = YES;
				CLANG_ENABLE_OBJC_WEAK = YES;
				CLANG_WARN_BLOCK_CAPTURE_AUTORELEASING = YES;
				CLANG_WARN_BOOL_CONVERSION = YES;
				CLANG_WARN_COMMA = YES;
				CLANG_WARN_CONSTANT_CONVERSION = YES;
				CLANG_WARN_DEPRECATED_OBJC_IMPLEMENTATIONS = YES;
				CLANG_WARN_DIRECT_OBJC_ISA_USAGE = YES_ERROR;
				CLANG_WARN_DOCUMENTATION_COMMENTS = YES;
				CLANG_WARN_EMPTY_BODY = YES;
				CLANG_WARN_ENUM_CONVERSION = YES;
				CLANG_WARN_INFINITE_RECURSION = YES;
				CLANG_WARN_INT_CONVERSION = YES;
				CLANG_WARN_NON_LITERAL_NULL_CONVERSION = YES;
				CLANG_WARN_OBJC_IMPLICIT_RETAIN_SELF = YES;
				CLANG_WARN_OBJC_LITERAL_CONVERSION = YES;
				CLANG_WARN_OBJC_ROOT_CLASS = YES_ERROR;
				CLANG_WARN_QUOTED_INCLUDE_IN_FRAMEWORK_HEADER = YES;
				CLANG_WARN_RANGE_LOOP_ANALYSIS = YES;
				CLANG_WARN_STRICT_PROTOTYPES = YES;
				CLANG_WARN_SUSPICIOUS_MOVE = YES;
				CLANG_WARN_UNGUARDED_AVAILABILITY = YES_AGGRESSIVE;
				CLANG_WARN_UNREACHABLE_CODE = YES;
				CLANG_WARN__DUPLICATE_METHOD_MATCH = YES;
				COPY_PHASE_STRIP = NO;
				DEBUG_INFORMATION_FORMAT = dwarf;
				ENABLE_STRICT_OBJC_MSGSEND = YES;
				ENABLE_TESTABILITY = YES;
				GCC_C_LANGUAGE_STANDARD = gnu11;
				GCC_DYNAMIC_NO_PIC = NO;
				GCC_NO_COMMON_BLOCKS = YES;
				GCC_OPTIMIZATION_LEVEL = 0;
				GCC_PREPROCESSOR_DEFINITIONS = (
					"DEBUG=1",
					"$(inherited)",
				);
				GCC_WARN_64_TO_32_BIT_CONVERSION = YES;
				GCC_WARN_ABOUT_RETURN_TYPE = YES_ERROR;
				GCC_WARN_UNDECLARED_SELECTOR = YES;
				GCC_WARN_UNINITIALIZED_AUTOS = YES_AGGRESSIVE;
				GCC_WARN_UNUSED_FUNCTION = YES;
				GCC_WARN_UNUSED_VARIABLE = YES;
				IPHONEOS_DEPLOYMENT_TARGET = 14.3;
				MTL_ENABLE_DEBUG_INFO = INCLUDE_SOURCE;
				MTL_FAST_MATH = YES;
				ONLY_ACTIVE_ARCH = YES;
				SDKROOT = iphoneos;
				SWIFT_ACTIVE_COMPILATION_CONDITIONS = DEBUG;
				SWIFT_OPTIMIZATION_LEVEL = "-Onone";
			};
			name = Debug;
		};
		843304B225A76E75009787C7 /* Release */ = {
			isa = XCBuildConfiguration;
			buildSettings = {
				ALWAYS_SEARCH_USER_PATHS = NO;
				CLANG_ANALYZER_NONNULL = YES;
				CLANG_ANALYZER_NUMBER_OBJECT_CONVERSION = YES_AGGRESSIVE;
				CLANG_CXX_LANGUAGE_STANDARD = "gnu++14";
				CLANG_CXX_LIBRARY = "libc++";
				CLANG_ENABLE_MODULES = YES;
				CLANG_ENABLE_OBJC_ARC = YES;
				CLANG_ENABLE_OBJC_WEAK = YES;
				CLANG_WARN_BLOCK_CAPTURE_AUTORELEASING = YES;
				CLANG_WARN_BOOL_CONVERSION = YES;
				CLANG_WARN_COMMA = YES;
				CLANG_WARN_CONSTANT_CONVERSION = YES;
				CLANG_WARN_DEPRECATED_OBJC_IMPLEMENTATIONS = YES;
				CLANG_WARN_DIRECT_OBJC_ISA_USAGE = YES_ERROR;
				CLANG_WARN_DOCUMENTATION_COMMENTS = YES;
				CLANG_WARN_EMPTY_BODY = YES;
				CLANG_WARN_ENUM_CONVERSION = YES;
				CLANG_WARN_INFINITE_RECURSION = YES;
				CLANG_WARN_INT_CONVERSION = YES;
				CLANG_WARN_NON_LITERAL_NULL_CONVERSION = YES;
				CLANG_WARN_OBJC_IMPLICIT_RETAIN_SELF = YES;
				CLANG_WARN_OBJC_LITERAL_CONVERSION = YES;
				CLANG_WARN_OBJC_ROOT_CLASS = YES_ERROR;
				CLANG_WARN_QUOTED_INCLUDE_IN_FRAMEWORK_HEADER = YES;
				CLANG_WARN_RANGE_LOOP_ANALYSIS = YES;
				CLANG_WARN_STRICT_PROTOTYPES = YES;
				CLANG_WARN_SUSPICIOUS_MOVE = YES;
				CLANG_WARN_UNGUARDED_AVAILABILITY = YES_AGGRESSIVE;
				CLANG_WARN_UNREACHABLE_CODE = YES;
				CLANG_WARN__DUPLICATE_METHOD_MATCH = YES;
				COPY_PHASE_STRIP = NO;
				DEBUG_INFORMATION_FORMAT = "dwarf-with-dsym";
				ENABLE_NS_ASSERTIONS = NO;
				ENABLE_STRICT_OBJC_MSGSEND = YES;
				GCC_C_LANGUAGE_STANDARD = gnu11;
				GCC_NO_COMMON_BLOCKS = YES;
				GCC_WARN_64_TO_32_BIT_CONVERSION = YES;
				GCC_WARN_ABOUT_RETURN_TYPE = YES_ERROR;
				GCC_WARN_UNDECLARED_SELECTOR = YES;
				GCC_WARN_UNINITIALIZED_AUTOS = YES_AGGRESSIVE;
				GCC_WARN_UNUSED_FUNCTION = YES;
				GCC_WARN_UNUSED_VARIABLE = YES;
				IPHONEOS_DEPLOYMENT_TARGET = 14.3;
				MTL_ENABLE_DEBUG_INFO = NO;
				MTL_FAST_MATH = YES;
				SDKROOT = iphoneos;
				SWIFT_COMPILATION_MODE = wholemodule;
				SWIFT_OPTIMIZATION_LEVEL = "-O";
				VALIDATE_PRODUCT = YES;
			};
			name = Release;
		};
		843304B425A76E75009787C7 /* Debug */ = {
			isa = XCBuildConfiguration;
			buildSettings = {
				ASSETCATALOG_COMPILER_APPICON_NAME = AppIcon;
				ASSETCATALOG_COMPILER_GLOBAL_ACCENT_COLOR_NAME = AccentColor;
				CODE_SIGN_STYLE = Automatic;
				DEVELOPMENT_ASSET_PATHS = "\"REST API Sails.js/Preview Content\"";
				ENABLE_PREVIEWS = YES;
				INFOPLIST_FILE = "REST API Sails.js/Info.plist";
				IPHONEOS_DEPLOYMENT_TARGET = 14.0;
				LD_RUNPATH_SEARCH_PATHS = (
					"$(inherited)",
					"@executable_path/Frameworks",
				);
				PRODUCT_BUNDLE_IDENTIFIER = "fsa.REST-API-Sails-js";
				PRODUCT_NAME = "$(TARGET_NAME)";
				SWIFT_VERSION = 5.0;
				TARGETED_DEVICE_FAMILY = "1,2";
			};
			name = Debug;
		};
		843304B525A76E75009787C7 /* Release */ = {
			isa = XCBuildConfiguration;
			buildSettings = {
				ASSETCATALOG_COMPILER_APPICON_NAME = AppIcon;
				ASSETCATALOG_COMPILER_GLOBAL_ACCENT_COLOR_NAME = AccentColor;
				CODE_SIGN_STYLE = Automatic;
				DEVELOPMENT_ASSET_PATHS = "\"REST API Sails.js/Preview Content\"";
				ENABLE_PREVIEWS = YES;
				INFOPLIST_FILE = "REST API Sails.js/Info.plist";
				IPHONEOS_DEPLOYMENT_TARGET = 14.0;
				LD_RUNPATH_SEARCH_PATHS = (
					"$(inherited)",
					"@executable_path/Frameworks",
				);
				PRODUCT_BUNDLE_IDENTIFIER = "fsa.REST-API-Sails-js";
				PRODUCT_NAME = "$(TARGET_NAME)";
				SWIFT_VERSION = 5.0;
				TARGETED_DEVICE_FAMILY = "1,2";
			};
			name = Release;
		};
		843304B725A76E75009787C7 /* Debug */ = {
			isa = XCBuildConfiguration;
			buildSettings = {
				ALWAYS_EMBED_SWIFT_STANDARD_LIBRARIES = YES;
				BUNDLE_LOADER = "$(TEST_HOST)";
				CODE_SIGN_STYLE = Automatic;
				INFOPLIST_FILE = "REST API Sails.jsTests/Info.plist";
				IPHONEOS_DEPLOYMENT_TARGET = 14.0;
				LD_RUNPATH_SEARCH_PATHS = (
					"$(inherited)",
					"@executable_path/Frameworks",
					"@loader_path/Frameworks",
				);
				PRODUCT_BUNDLE_IDENTIFIER = "fsa.REST-API-Sails-jsTests";
				PRODUCT_NAME = "$(TARGET_NAME)";
				SWIFT_VERSION = 5.0;
				TARGETED_DEVICE_FAMILY = "1,2";
				TEST_HOST = "$(BUILT_PRODUCTS_DIR)/REST API Sails.js.app/REST API Sails.js";
			};
			name = Debug;
		};
		843304B825A76E75009787C7 /* Release */ = {
			isa = XCBuildConfiguration;
			buildSettings = {
				ALWAYS_EMBED_SWIFT_STANDARD_LIBRARIES = YES;
				BUNDLE_LOADER = "$(TEST_HOST)";
				CODE_SIGN_STYLE = Automatic;
				INFOPLIST_FILE = "REST API Sails.jsTests/Info.plist";
				IPHONEOS_DEPLOYMENT_TARGET = 14.0;
				LD_RUNPATH_SEARCH_PATHS = (
					"$(inherited)",
					"@executable_path/Frameworks",
					"@loader_path/Frameworks",
				);
				PRODUCT_BUNDLE_IDENTIFIER = "fsa.REST-API-Sails-jsTests";
				PRODUCT_NAME = "$(TARGET_NAME)";
				SWIFT_VERSION = 5.0;
				TARGETED_DEVICE_FAMILY = "1,2";
				TEST_HOST = "$(BUILT_PRODUCTS_DIR)/REST API Sails.js.app/REST API Sails.js";
			};
			name = Release;
		};
		843304BA25A76E75009787C7 /* Debug */ = {
			isa = XCBuildConfiguration;
			buildSettings = {
				ALWAYS_EMBED_SWIFT_STANDARD_LIBRARIES = YES;
				CODE_SIGN_STYLE = Automatic;
				INFOPLIST_FILE = "REST API Sails.jsUITests/Info.plist";
				LD_RUNPATH_SEARCH_PATHS = (
					"$(inherited)",
					"@executable_path/Frameworks",
					"@loader_path/Frameworks",
				);
				PRODUCT_BUNDLE_IDENTIFIER = "fsa.REST-API-Sails-jsUITests";
				PRODUCT_NAME = "$(TARGET_NAME)";
				SWIFT_VERSION = 5.0;
				TARGETED_DEVICE_FAMILY = "1,2";
				TEST_TARGET_NAME = "REST API Sails.js";
			};
			name = Debug;
		};
		843304BB25A76E75009787C7 /* Release */ = {
			isa = XCBuildConfiguration;
			buildSettings = {
				ALWAYS_EMBED_SWIFT_STANDARD_LIBRARIES = YES;
				CODE_SIGN_STYLE = Automatic;
				INFOPLIST_FILE = "REST API Sails.jsUITests/Info.plist";
				LD_RUNPATH_SEARCH_PATHS = (
					"$(inherited)",
					"@executable_path/Frameworks",
					"@loader_path/Frameworks",
				);
				PRODUCT_BUNDLE_IDENTIFIER = "fsa.REST-API-Sails-jsUITests";
				PRODUCT_NAME = "$(TARGET_NAME)";
				SWIFT_VERSION = 5.0;
				TARGETED_DEVICE_FAMILY = "1,2";
				TEST_TARGET_NAME = "REST API Sails.js";
			};
			name = Release;
		};
/* End XCBuildConfiguration section */

/* Begin XCConfigurationList section */
		8433048925A76E73009787C7 /* Build configuration list for PBXProject "REST API Sails.js" */ = {
			isa = XCConfigurationList;
			buildConfigurations = (
				843304B125A76E75009787C7 /* Debug */,
				843304B225A76E75009787C7 /* Release */,
			);
			defaultConfigurationIsVisible = 0;
			defaultConfigurationName = Release;
		};
		843304B325A76E75009787C7 /* Build configuration list for PBXNativeTarget "REST API Sails.js" */ = {
			isa = XCConfigurationList;
			buildConfigurations = (
				843304B425A76E75009787C7 /* Debug */,
				843304B525A76E75009787C7 /* Release */,
			);
			defaultConfigurationIsVisible = 0;
			defaultConfigurationName = Release;
		};
		843304B625A76E75009787C7 /* Build configuration list for PBXNativeTarget "REST API Sails.jsTests" */ = {
			isa = XCConfigurationList;
			buildConfigurations = (
				843304B725A76E75009787C7 /* Debug */,
				843304B825A76E75009787C7 /* Release */,
			);
			defaultConfigurationIsVisible = 0;
			defaultConfigurationName = Release;
		};
		843304B925A76E75009787C7 /* Build configuration list for PBXNativeTarget "REST API Sails.jsUITests" */ = {
			isa = XCConfigurationList;
			buildConfigurations = (
				843304BA25A76E75009787C7 /* Debug */,
				843304BB25A76E75009787C7 /* Release */,
			);
			defaultConfigurationIsVisible = 0;
			defaultConfigurationName = Release;
		};
/* End XCConfigurationList section */
	};
	rootObject = 8433048625A76E73009787C7 /* Project object */;
}
